
Microsoft Visual Studio Solution File, Format Version 12.00
# Visual Studio Version 16
VisualStudioVersion = 16.0.29009.5
MinimumVisualStudioVersion = 10.0.40219.1
Project("{FAE04EC0-301F-11D3-BF4B-00C04F79EFBC}") = "CsharpIcomparable", "CsharpIcomparable\CsharpIcomparable.csproj", "{4274ADDA-2DA3-4054-991B-59B68A44BBA9}"
EndProject
Global
	GlobalSection(SolutionConfigurationPlatforms) = preSolution
		Debug|Any CPU = Debug|Any CPU
		Release|Any CPU = Release|Any CPU
	EndGlobalSection
	GlobalSection(ProjectConfigurationPlatforms) = postSolution
		{4274ADDA-2DA3-4054-991B-59B68A44BBA9}.Debug|Any CPU.ActiveCfg = Debug|Any CPU
		{4274ADDA-2DA3-4054-991B-59B68A44BBA9}.Debug|Any CPU.Build.0 = Debug|Any CPU
		{4274ADDA-2DA3-4054-991B-59B68A44BBA9}.Release|Any CPU.ActiveCfg = Release|Any CPU
		{4274ADDA-2DA3-4054-991B-59B68A44BBA9}.Release|Any CPU.Build.0 = Release|Any CPU
	EndGlobalSection
	GlobalSection(SolutionProperties) = preSolution
		HideSolutionNode = FALSE
	EndGlobalSection
	GlobalSection(ExtensibilityGlobals) = postSolution
		SolutionGuid = {2BDF53A2-53B7-4AA4-B73B-2D53DACA0A50}
	EndGlobalSection
EndGlobal
